
Microsoft Visual Studio Solution File, Format Version 12.00
Project("{FAE04EC0-301F-11D3-BF4B-00C04F79EFBC}") = "ShutUpBot", "ShutUpBot\ShutUpBot.csproj", "{D785D70A-CD2B-4409-BAAD-FA9A5F780FB3}"
EndProject
Global
	GlobalSection(SolutionConfigurationPlatforms) = preSolution
		Debug|Any CPU = Debug|Any CPU
		Release|Any CPU = Release|Any CPU
	EndGlobalSection
	GlobalSection(ProjectConfigurationPlatforms) = postSolution
		{D785D70A-CD2B-4409-BAAD-FA9A5F780FB3}.Debug|Any CPU.ActiveCfg = Debug|Any CPU
		{D785D70A-CD2B-4409-BAAD-FA9A5F780FB3}.Debug|Any CPU.Build.0 = Debug|Any CPU
		{D785D70A-CD2B-4409-BAAD-FA9A5F780FB3}.Release|Any CPU.ActiveCfg = Release|Any CPU
		{D785D70A-CD2B-4409-BAAD-FA9A5F780FB3}.Release|Any CPU.Build.0 = Release|Any CPU
	EndGlobalSection
EndGlobal
